{
  "version": 4,
  "terraform_version": "1.15.5",
  "serial": 28,
  "lineage": "91aa18bb-293b-a463-4121-7823cf5f3afe",
  "outputs": {},
  "resources": [
    {
      "module": "module.EventBridge_module",
      "mode": "managed",
      "type": "aws_cloudwatch_event_rule",
      "name": "ec2_monitor_schedule",
      "provider": "provider[\"registry.terraform.io/hashicorp/aws\"]",
      "instances": [
        {
          "schema_version": 1,
          "attributes": {
            "arn": "arn:aws:events:us-east-1:930067562178:rule/ec2-cost-guardian-schedule",
            "description": "Triggers EC2 Cost Guardian Lambda daily at 09:00 AM UTC",
            "event_bus_name": "default",
            "event_pattern": null,
            "force_destroy": false,
            "id": "ec2-cost-guardian-schedule",
            "is_enabled": true,
            "name": "ec2-cost-guardian-schedule",
            "name_prefix": "",
            "role_arn": "",
            "schedule_expression": "cron(25 17 * * ? *)",
            "state": "ENABLED",
            "tags": {
              "ManagedBy": "Terraform",
              "Project": "EC2-Cost-Guardian"
            },
            "tags_all": {
              "ManagedBy": "Terraform",
              "Project": "EC2-Cost-Guardian"
            }
          },
          "sensitive_attributes": [],
          "identity_schema_version": 0,
          "private": "eyJzY2hlbWFfdmVyc2lvbiI6IjEifQ=="
        }
      ]
    },
    {
      "module": "module.EventBridge_module",
      "mode": "managed",
      "type": "aws_cloudwatch_event_target",
      "name": "lambda_target",
      "provider": "provider[\"registry.terraform.io/hashicorp/aws\"]",
      "instances": [
        {
          "schema_version": 1,
          "attributes": {
            "appsync_target": [],
            "arn": "arn:aws:lambda:us-east-1:930067562178:function:ec2_inspector",
            "batch_target": [],
            "dead_letter_config": [],
            "ecs_target": [],
            "event_bus_name": "default",
            "force_destroy": false,
            "http_target": [],
            "id": "ec2-cost-guardian-schedule-EC2MonitorLambdaTarget",
            "input": "",
            "input_path": "",
            "input_transformer": [],
            "kinesis_target": [],
            "redshift_target": [],
            "retry_policy": [],
            "role_arn": "",
            "rule": "ec2-cost-guardian-schedule",
            "run_command_targets": [],
            "sagemaker_pipeline_target": [],
            "sqs_target": [],
            "target_id": "EC2MonitorLambdaTarget"
          },
          "sensitive_attributes": [],
          "identity_schema_version": 0,
          "private": "eyJzY2hlbWFfdmVyc2lvbiI6IjEifQ==",
          "dependencies": [
            "module.EventBridge_module.aws_cloudwatch_event_rule.ec2_monitor_schedule",
            "module.IAM_ROLE_module.aws_iam_role.lambda_role",
            "module.SNS_topic_module.aws_sns_topic.lambda_topic",
            "module.lambda_module.aws_lambda_function.ec2_monitor",
            "module.lambda_module.data.archive_file.lambda_zip"
          ]
        }
      ]
    },
    {
      "module": "module.EventBridge_module",
      "mode": "managed",
      "type": "aws_lambda_permission",
      "name": "allow_eventbridge",
      "provider": "provider[\"registry.terraform.io/hashicorp/aws\"]",
      "instances": [
        {
          "schema_version": 0,
          "attributes": {
            "action": "lambda:InvokeFunction",
            "event_source_token": null,
            "function_name": "ec2_inspector",
            "function_url_auth_type": null,
            "id": "AllowExecutionFromEventBridge",
            "principal": "events.amazonaws.com",
            "principal_org_id": null,
            "qualifier": "",
            "source_account": null,
            "source_arn": "arn:aws:events:us-east-1:930067562178:rule/ec2-cost-guardian-schedule",
            "statement_id": "AllowExecutionFromEventBridge",
            "statement_id_prefix": ""
          },
          "sensitive_attributes": [],
          "identity_schema_version": 0,
          "private": "bnVsbA==",
          "dependencies": [
            "module.EventBridge_module.aws_cloudwatch_event_rule.ec2_monitor_schedule",
            "module.IAM_ROLE_module.aws_iam_role.lambda_role",
            "module.SNS_topic_module.aws_sns_topic.lambda_topic",
            "module.lambda_module.aws_lambda_function.ec2_monitor",
            "module.lambda_module.data.archive_file.lambda_zip"
          ]
        }
      ]
    },
    {
      "module": "module.IAM_ROLE_module",
      "mode": "managed",
      "type": "aws_iam_role",
      "name": "lambda_role",
      "provider": "provider[\"registry.terraform.io/hashicorp/aws\"]",
      "instances": [
        {
          "schema_version": 0,
          "attributes": {
            "arn": "arn:aws:iam::930067562178:role/lambda-ec2-role",
            "assume_role_policy": "{\"Statement\":[{\"Action\":\"sts:AssumeRole\",\"Effect\":\"Allow\",\"Principal\":{\"Service\":\"lambda.amazonaws.com\"}}],\"Version\":\"2012-10-17\"}",
            "create_date": "2026-06-06T17:20:52Z",
            "description": "",
            "force_detach_policies": false,
            "id": "lambda-ec2-role",
            "inline_policy": [],
            "managed_policy_arns": [],
            "max_session_duration": 3600,
            "name": "lambda-ec2-role",
            "name_prefix": "",
            "path": "/",
            "permissions_boundary": "",
            "tags": null,
            "tags_all": {
              "ManagedBy": "terraform"
            },
            "unique_id": "AROA5RDCYX3BLYIAZELLU"
          },
          "sensitive_attributes": [],
          "identity_schema_version": 0,
          "private": "bnVsbA=="
        }
      ]
    },
    {
      "module": "module.IAM_ROLE_module",
      "mode": "managed",
      "type": "aws_iam_role_policy",
      "name": "lambda_policy",
      "provider": "provider[\"registry.terraform.io/hashicorp/aws\"]",
      "instances": [
        {
          "schema_version": 0,
          "attributes": {
            "id": "lambda-ec2-role:lambda-ec2-policy",
            "name": "lambda-ec2-policy",
            "name_prefix": "",
            "policy": "{\"Version\":\"2012-10-17\",\"Statement\":[{\"Action\":[\"ec2:DescribeInstances\"],\"Effect\":\"Allow\",\"Resource\":\"*\"},{\"Action\":[\"sns:Publish\"],\"Effect\":\"Allow\",\"Resource\":\"*\"}]}",
            "role": "lambda-ec2-role"
          },
          "sensitive_attributes": [],
          "identity_schema_version": 0,
          "private": "bnVsbA==",
          "dependencies": [
            "module.IAM_ROLE_module.aws_iam_role.lambda_role"
          ]
        }
      ]
    },
    {
      "module": "module.SNS_topic_module",
      "mode": "managed",
      "type": "aws_sns_topic",
      "name": "lambda_topic",
      "provider": "provider[\"registry.terraform.io/hashicorp/aws\"]",
      "instances": [
        {
          "schema_version": 0,
          "attributes": {
            "application_failure_feedback_role_arn": "",
            "application_success_feedback_role_arn": "",
            "application_success_feedback_sample_rate": 0,
            "archive_policy": "",
            "arn": "arn:aws:sns:us-east-1:930067562178:lambda_topic",
            "beginning_archive_time": "",
            "content_based_deduplication": false,
            "delivery_policy": "",
            "display_name": "",
            "fifo_throughput_scope": "",
            "fifo_topic": false,
            "firehose_failure_feedback_role_arn": "",
            "firehose_success_feedback_role_arn": "",
            "firehose_success_feedback_sample_rate": 0,
            "http_failure_feedback_role_arn": "",
            "http_success_feedback_role_arn": "",
            "http_success_feedback_sample_rate": 0,
            "id": "arn:aws:sns:us-east-1:930067562178:lambda_topic",
            "kms_master_key_id": "",
            "lambda_failure_feedback_role_arn": "",
            "lambda_success_feedback_role_arn": "",
            "lambda_success_feedback_sample_rate": 0,
            "name": "lambda_topic",
            "name_prefix": "",
            "owner": "930067562178",
            "policy": "{\"Id\":\"__default_policy_ID\",\"Statement\":[{\"Action\":[\"SNS:GetTopicAttributes\",\"SNS:SetTopicAttributes\",\"SNS:AddPermission\",\"SNS:RemovePermission\",\"SNS:DeleteTopic\",\"SNS:Subscribe\",\"SNS:ListSubscriptionsByTopic\",\"SNS:Publish\"],\"Condition\":{\"StringEquals\":{\"AWS:SourceOwner\":\"930067562178\"}},\"Effect\":\"Allow\",\"Principal\":{\"AWS\":\"*\"},\"Resource\":\"arn:aws:sns:us-east-1:930067562178:lambda_topic\",\"Sid\":\"__default_statement_ID\"}],\"Version\":\"2008-10-17\"}",
            "signature_version": 0,
            "sqs_failure_feedback_role_arn": "",
            "sqs_success_feedback_role_arn": "",
            "sqs_success_feedback_sample_rate": 0,
            "tags": null,
            "tags_all": {
              "ManagedBy": "terraform"
            },
            "tracing_config": ""
          },
          "sensitive_attributes": [],
          "identity_schema_version": 0,
          "private": "bnVsbA=="
        }
      ]
    },
    {
      "module": "module.SNS_topic_module",
      "mode": "managed",
      "type": "aws_sns_topic_subscription",
      "name": "name",
      "provider": "provider[\"registry.terraform.io/hashicorp/aws\"]",
      "instances": [
        {
          "schema_version": 0,
          "attributes": {
            "arn": "arn:aws:sns:us-east-1:930067562178:lambda_topic:63214916-ea3d-4e6f-88ab-a312ecd2923b",
            "confirmation_timeout_in_minutes": 1,
            "confirmation_was_authenticated": false,
            "delivery_policy": "",
            "endpoint": "rohitgusain9930@gmail.com",
            "endpoint_auto_confirms": false,
            "filter_policy": "",
            "filter_policy_scope": "",
            "id": "arn:aws:sns:us-east-1:930067562178:lambda_topic:63214916-ea3d-4e6f-88ab-a312ecd2923b",
            "owner_id": "930067562178",
            "pending_confirmation": true,
            "protocol": "email",
            "raw_message_delivery": false,
            "redrive_policy": "",
            "replay_policy": "",
            "subscription_role_arn": "",
            "topic_arn": "arn:aws:sns:us-east-1:930067562178:lambda_topic"
          },
          "sensitive_attributes": [],
          "identity_schema_version": 0,
          "private": "bnVsbA==",
          "dependencies": [
            "module.SNS_topic_module.aws_sns_topic.lambda_topic"
          ]
        }
      ]
    },
    {
      "module": "module.lambda_module",
      "mode": "data",
      "type": "archive_file",
      "name": "lambda_zip",
      "provider": "provider[\"registry.terraform.io/hashicorp/archive\"]",
      "instances": [
        {
          "schema_version": 0,
          "attributes": {
            "exclude_symlink_directories": null,
            "excludes": null,
            "id": "b6a3a94c28fe52a40e8423fb03a7bf97ed30aefb",
            "output_base64sha256": "c+CszfY7XXevbthE7e7jCBdDWzHMKJ/eAi8YNACTlNw=",
            "output_base64sha512": "c6aplxa6izqlAe0OmY6ntSw49odTiCsKXAupBhlALjaAGEhu9AczLBbDuoiaV3VjxaWYLU59Pw9Tozzj0tWAgA==",
            "output_file_mode": null,
            "output_md5": "5faa6b105f947f472d9b0e1a771cd1b8",
            "output_path": "./python_lambda_code/ec2_monitor.zip",
            "output_sha": "b6a3a94c28fe52a40e8423fb03a7bf97ed30aefb",
            "output_sha256": "73e0accdf63b5d77af6ed844edeee30817435b31cc289fde022f1834009394dc",
            "output_sha512": "73a6a99716ba8b3aa501ed0e998ea7b52c38f68753882b0a5c0ba90619402e368018486ef407332c16c3ba889a577563c5a5982d4e7d3f0f53a33ce3d2d58080",
            "output_size": 549,
            "source": [],
            "source_content": null,
            "source_content_filename": null,
            "source_dir": null,
            "source_file": "./python_lambda_code/lambda_function.py",
            "type": "zip"
          },
          "sensitive_attributes": [],
          "identity_schema_version": 0
        }
      ]
    },
    {
      "module": "module.lambda_module",
      "mode": "managed",
      "type": "aws_lambda_function",
      "name": "ec2_monitor",
      "provider": "provider[\"registry.terraform.io/hashicorp/aws\"]",
      "instances": [
        {
          "schema_version": 0,
          "attributes": {
            "architectures": [
              "x86_64"
            ],
            "arn": "arn:aws:lambda:us-east-1:930067562178:function:ec2_inspector",
            "code_sha256": "c+CszfY7XXevbthE7e7jCBdDWzHMKJ/eAi8YNACTlNw=",
            "code_signing_config_arn": "",
            "dead_letter_config": [],
            "description": "Checks for running EC2 instances daily and sends SNS alert",
            "environment": [
              {
                "variables": {
                  "SNS_TOPIC_ARN": "arn:aws:sns:us-east-1:930067562178:lambda_topic"
                }
              }
            ],
            "ephemeral_storage": [
              {
                "size": 512
              }
            ],
            "file_system_config": [],
            "filename": "./python_lambda_code/ec2_monitor.zip",
            "function_name": "ec2_inspector",
            "handler": "lambda_function.lambda_handler",
            "id": "ec2_inspector",
            "image_config": [],
            "image_uri": "",
            "invoke_arn": "arn:aws:apigateway:us-east-1:lambda:path/2015-03-31/functions/arn:aws:lambda:us-east-1:930067562178:function:ec2_inspector/invocations",
            "kms_key_arn": "",
            "last_modified": "2026-06-06T17:21:00.680+0000",
            "layers": null,
            "logging_config": [
              {
                "application_log_level": "",
                "log_format": "Text",
                "log_group": "/aws/lambda/ec2_inspector",
                "system_log_level": ""
              }
            ],
            "memory_size": 128,
            "package_type": "Zip",
            "publish": false,
            "qualified_arn": "arn:aws:lambda:us-east-1:930067562178:function:ec2_inspector:$LATEST",
            "qualified_invoke_arn": "arn:aws:apigateway:us-east-1:lambda:path/2015-03-31/functions/arn:aws:lambda:us-east-1:930067562178:function:ec2_inspector:$LATEST/invocations",
            "replace_security_groups_on_destroy": null,
            "replacement_security_group_ids": null,
            "reserved_concurrent_executions": -1,
            "role": "arn:aws:iam::930067562178:role/lambda-ec2-role",
            "runtime": "python3.12",
            "s3_bucket": null,
            "s3_key": null,
            "s3_object_version": null,
            "signing_job_arn": "",
            "signing_profile_version_arn": "",
            "skip_destroy": false,
            "snap_start": [],
            "source_code_hash": "c+CszfY7XXevbthE7e7jCBdDWzHMKJ/eAi8YNACTlNw=",
            "source_code_size": 549,
            "tags": null,
            "tags_all": {
              "ManagedBy": "terraform"
            },
            "timeout": 30,
            "timeouts": null,
            "tracing_config": [
              {
                "mode": "PassThrough"
              }
            ],
            "version": "$LATEST",
            "vpc_config": []
          },
          "sensitive_attributes": [],
          "identity_schema_version": 0,
          "private": "eyJlMmJmYjczMC1lY2FhLTExZTYtOGY4OC0zNDM2M2JjN2M0YzAiOnsiY3JlYXRlIjo2MDAwMDAwMDAwMDAsImRlbGV0ZSI6NjAwMDAwMDAwMDAwLCJ1cGRhdGUiOjYwMDAwMDAwMDAwMH19",
          "dependencies": [
            "module.IAM_ROLE_module.aws_iam_role.lambda_role",
            "module.SNS_topic_module.aws_sns_topic.lambda_topic",
            "module.lambda_module.data.archive_file.lambda_zip"
          ]
        }
      ]
    }
  ],
  "check_results": null
}
